
Microsoft Visual Studio Solution File, Format Version 12.00
# Visual Studio Version 16
VisualStudioVersion = 16.0.30011.22
MinimumVisualStudioVersion = 10.0.40219.1
Project("{9A19103F-16F7-4668-BE54-9A1E7A4F7556}") = "ApplicationCore", "ApplicationCore\ApplicationCore.csproj", "{9FA23FB6-74C5-4010-9666-44AD2286F014}"
EndProject
Project("{9A19103F-16F7-4668-BE54-9A1E7A4F7556}") = "Infrastructure", "Infrastructure\Infrastructure.csproj", "{09F2C7BB-5A38-4FFA-A512-56B134BECD5A}"
EndProject
Project("{9A19103F-16F7-4668-BE54-9A1E7A4F7556}") = "Presentation.Management", "Management\Presentation.Management.csproj", "{8DCCB7CA-4047-473D-83AB-A4D38208B1B4}"
EndProject
Project("{FAE04EC0-301F-11D3-BF4B-00C04F79EFBC}") = "Presentation.Admin", "Admin\Presentation.Admin.csproj", "{101FC613-BADC-4636-868B-2E8F1801EE6F}"
EndProject
Global
	GlobalSection(SolutionConfigurationPlatforms) = preSolution
		Debug|Any CPU = Debug|Any CPU
		Release|Any CPU = Release|Any CPU
	EndGlobalSection
	GlobalSection(ProjectConfigurationPlatforms) = postSolution
		{9FA23FB6-74C5-4010-9666-44AD2286F014}.Debug|Any CPU.ActiveCfg = Debug|Any CPU
		{9FA23FB6-74C5-4010-9666-44AD2286F014}.Debug|Any CPU.Build.0 = Debug|Any CPU
		{9FA23FB6-74C5-4010-9666-44AD2286F014}.Release|Any CPU.ActiveCfg = Release|Any CPU
		{9FA23FB6-74C5-4010-9666-44AD2286F014}.Release|Any CPU.Build.0 = Release|Any CPU
		{09F2C7BB-5A38-4FFA-A512-56B134BECD5A}.Debug|Any CPU.ActiveCfg = Debug|Any CPU
		{09F2C7BB-5A38-4FFA-A512-56B134BECD5A}.Debug|Any CPU.Build.0 = Debug|Any CPU
		{09F2C7BB-5A38-4FFA-A512-56B134BECD5A}.Release|Any CPU.ActiveCfg = Release|Any CPU
		{09F2C7BB-5A38-4FFA-A512-56B134BECD5A}.Release|Any CPU.Build.0 = Release|Any CPU
		{8DCCB7CA-4047-473D-83AB-A4D38208B1B4}.Debug|Any CPU.ActiveCfg = Debug|Any CPU
		{8DCCB7CA-4047-473D-83AB-A4D38208B1B4}.Debug|Any CPU.Build.0 = Debug|Any CPU
		{8DCCB7CA-4047-473D-83AB-A4D38208B1B4}.Release|Any CPU.ActiveCfg = Release|Any CPU
		{8DCCB7CA-4047-473D-83AB-A4D38208B1B4}.Release|Any CPU.Build.0 = Release|Any CPU
		{101FC613-BADC-4636-868B-2E8F1801EE6F}.Debug|Any CPU.ActiveCfg = Debug|Any CPU
		{101FC613-BADC-4636-868B-2E8F1801EE6F}.Debug|Any CPU.Build.0 = Debug|Any CPU
		{101FC613-BADC-4636-868B-2E8F1801EE6F}.Release|Any CPU.ActiveCfg = Release|Any CPU
		{101FC613-BADC-4636-868B-2E8F1801EE6F}.Release|Any CPU.Build.0 = Release|Any CPU
	EndGlobalSection
	GlobalSection(SolutionProperties) = preSolution
		HideSolutionNode = FALSE
	EndGlobalSection
	GlobalSection(ExtensibilityGlobals) = postSolution
		SolutionGuid = {C8FDDB0F-A9C7-4BBF-A1EC-B06447D32620}
	EndGlobalSection
EndGlobal
